
Microsoft Visual Studio Solution File, Format Version 12.00
# Visual Studio 2013
VisualStudioVersion = 12.0.30110.0
MinimumVisualStudioVersion = 10.0.40219.1
Project("{FAE04EC0-301F-11D3-BF4B-00C04F79EFBC}") = "Lesson01", "projects\Lesson01\Lesson01.csproj", "{FFDF307D-146B-4365-B410-A05FAEE3A337}"
EndProject
Project("{FAE04EC0-301F-11D3-BF4B-00C04F79EFBC}") = "RocketGame", "projects\RocketGame\RocketGame.csproj", "{174586FC-9261-4EA2-AEA0-77BAE6FCBFC6}"
EndProject
Project("{FAE04EC0-301F-11D3-BF4B-00C04F79EFBC}") = "Lesson00", "projects\Lesson00\Lesson00.csproj", "{3388E9A9-1D3B-4AD8-8BFC-6D8836955328}"
EndProject
Project("{FAE04EC0-301F-11D3-BF4B-00C04F79EFBC}") = "Lesson02", "projects\Lesson02\Lesson02.csproj", "{4B9AD65E-5E37-472D-BA40-CC5923C5294F}"
EndProject
Project("{F088123C-0E9E-452A-89E6-6BA2F21D5CAC}") = "Lesson03", "projects\RocketGameUML\Lesson03.modelproj", "{B0359B0A-AB22-478A-8CFA-18ECF4D22C52}"
EndProject
Project("{FAE04EC0-301F-11D3-BF4B-00C04F79EFBC}") = "Lesson04", "projects\Lesson04\Lesson04.csproj", "{2BB2D52D-FA52-4AA6-A741-68AE791A8E73}"
EndProject
Project("{FAE04EC0-301F-11D3-BF4B-00C04F79EFBC}") = "Lesson05", "projects\Lesson05\Lesson05.csproj", "{D76CEE15-332A-4F4B-B04C-78E4A5343DA4}"
EndProject
Project("{FAE04EC0-301F-11D3-BF4B-00C04F79EFBC}") = "Lesson06", "projects\Lesson06\Lesson06.csproj", "{5F0DD57D-FDD6-4644-89DD-DCC7E143E009}"
EndProject
Project("{FAE04EC0-301F-11D3-BF4B-00C04F79EFBC}") = "Lesson07", "projects\Lesson07\Lesson07.csproj", "{7E99948A-DFBA-4168-AE46-329D86BFED0D}"
EndProject
Project("{FAE04EC0-301F-11D3-BF4B-00C04F79EFBC}") = "Lesson08", "projects\Lesson08\Lesson08.csproj", "{F40F47E6-D38B-4C4C-AD06-97706087297F}"
EndProject
Project("{FAE04EC0-301F-11D3-BF4B-00C04F79EFBC}") = "Lesson09", "projects\Lesson09\Lesson09.csproj", "{6D6655C4-BF4F-40C4-8072-51B87CDD667E}"
EndProject
Global
	GlobalSection(SolutionConfigurationPlatforms) = preSolution
		Debug|Any CPU = Debug|Any CPU
		Debug|Mixed Platforms = Debug|Mixed Platforms
		Debug|x86 = Debug|x86
		Debug+Web|Any CPU = Debug+Web|Any CPU
		Debug+Web|Mixed Platforms = Debug+Web|Mixed Platforms
		Debug+Web|x86 = Debug+Web|x86
		Release|Any CPU = Release|Any CPU
		Release|Mixed Platforms = Release|Mixed Platforms
		Release|x86 = Release|x86
	EndGlobalSection
	GlobalSection(ProjectConfigurationPlatforms) = postSolution
		{FFDF307D-146B-4365-B410-A05FAEE3A337}.Debug|Any CPU.ActiveCfg = Debug|x86
		{FFDF307D-146B-4365-B410-A05FAEE3A337}.Debug|Mixed Platforms.ActiveCfg = Debug|x86
		{FFDF307D-146B-4365-B410-A05FAEE3A337}.Debug|Mixed Platforms.Build.0 = Debug|x86
		{FFDF307D-146B-4365-B410-A05FAEE3A337}.Debug|x86.ActiveCfg = Debug|x86
		{FFDF307D-146B-4365-B410-A05FAEE3A337}.Debug|x86.Build.0 = Debug|x86
		{FFDF307D-146B-4365-B410-A05FAEE3A337}.Debug+Web|Any CPU.ActiveCfg = Debug+Web|x86
		{FFDF307D-146B-4365-B410-A05FAEE3A337}.Debug+Web|Mixed Platforms.ActiveCfg = Debug+Web|x86
		{FFDF307D-146B-4365-B410-A05FAEE3A337}.Debug+Web|Mixed Platforms.Build.0 = Debug+Web|x86
		{FFDF307D-146B-4365-B410-A05FAEE3A337}.Debug+Web|x86.ActiveCfg = Debug+Web|x86
		{FFDF307D-146B-4365-B410-A05FAEE3A337}.Debug+Web|x86.Build.0 = Debug+Web|x86
		{FFDF307D-146B-4365-B410-A05FAEE3A337}.Release|Any CPU.ActiveCfg = Release|x86
		{FFDF307D-146B-4365-B410-A05FAEE3A337}.Release|Mixed Platforms.ActiveCfg = Release|x86
		{FFDF307D-146B-4365-B410-A05FAEE3A337}.Release|Mixed Platforms.Build.0 = Release|x86
		{FFDF307D-146B-4365-B410-A05FAEE3A337}.Release|x86.ActiveCfg = Release|x86
		{FFDF307D-146B-4365-B410-A05FAEE3A337}.Release|x86.Build.0 = Release|x86
		{174586FC-9261-4EA2-AEA0-77BAE6FCBFC6}.Debug|Any CPU.ActiveCfg = Debug|x86
		{174586FC-9261-4EA2-AEA0-77BAE6FCBFC6}.Debug|Mixed Platforms.ActiveCfg = Debug|x86
		{174586FC-9261-4EA2-AEA0-77BAE6FCBFC6}.Debug|Mixed Platforms.Build.0 = Debug|x86
		{174586FC-9261-4EA2-AEA0-77BAE6FCBFC6}.Debug|x86.ActiveCfg = Debug|x86
		{174586FC-9261-4EA2-AEA0-77BAE6FCBFC6}.Debug|x86.Build.0 = Debug|x86
		{174586FC-9261-4EA2-AEA0-77BAE6FCBFC6}.Debug+Web|Any CPU.ActiveCfg = Debug+Web|x86
		{174586FC-9261-4EA2-AEA0-77BAE6FCBFC6}.Debug+Web|Mixed Platforms.ActiveCfg = Debug+Web|x86
		{174586FC-9261-4EA2-AEA0-77BAE6FCBFC6}.Debug+Web|Mixed Platforms.Build.0 = Debug+Web|x86
		{174586FC-9261-4EA2-AEA0-77BAE6FCBFC6}.Debug+Web|x86.ActiveCfg = Debug+Web|x86
		{174586FC-9261-4EA2-AEA0-77BAE6FCBFC6}.Debug+Web|x86.Build.0 = Debug+Web|x86
		{174586FC-9261-4EA2-AEA0-77BAE6FCBFC6}.Release|Any CPU.ActiveCfg = Release|x86
		{174586FC-9261-4EA2-AEA0-77BAE6FCBFC6}.Release|Mixed Platforms.ActiveCfg = Release|x86
		{174586FC-9261-4EA2-AEA0-77BAE6FCBFC6}.Release|Mixed Platforms.Build.0 = Release|x86
		{174586FC-9261-4EA2-AEA0-77BAE6FCBFC6}.Release|x86.ActiveCfg = Release|x86
		{174586FC-9261-4EA2-AEA0-77BAE6FCBFC6}.Release|x86.Build.0 = Release|x86
		{3388E9A9-1D3B-4AD8-8BFC-6D8836955328}.Debug|Any CPU.ActiveCfg = Debug|x86
		{3388E9A9-1D3B-4AD8-8BFC-6D8836955328}.Debug|Mixed Platforms.ActiveCfg = Debug|x86
		{3388E9A9-1D3B-4AD8-8BFC-6D8836955328}.Debug|Mixed Platforms.Build.0 = Debug|x86
		{3388E9A9-1D3B-4AD8-8BFC-6D8836955328}.Debug|x86.ActiveCfg = Debug|x86
		{3388E9A9-1D3B-4AD8-8BFC-6D8836955328}.Debug|x86.Build.0 = Debug|x86
		{3388E9A9-1D3B-4AD8-8BFC-6D8836955328}.Debug+Web|Any CPU.ActiveCfg = Debug+Web|x86
		{3388E9A9-1D3B-4AD8-8BFC-6D8836955328}.Debug+Web|Mixed Platforms.ActiveCfg = Debug+Web|x86
		{3388E9A9-1D3B-4AD8-8BFC-6D8836955328}.Debug+Web|Mixed Platforms.Build.0 = Debug+Web|x86
		{3388E9A9-1D3B-4AD8-8BFC-6D8836955328}.Debug+Web|x86.ActiveCfg = Debug+Web|x86
		{3388E9A9-1D3B-4AD8-8BFC-6D8836955328}.Debug+Web|x86.Build.0 = Debug+Web|x86
		{3388E9A9-1D3B-4AD8-8BFC-6D8836955328}.Release|Any CPU.ActiveCfg = Release|x86
		{3388E9A9-1D3B-4AD8-8BFC-6D8836955328}.Release|Mixed Platforms.ActiveCfg = Release|x86
		{3388E9A9-1D3B-4AD8-8BFC-6D8836955328}.Release|Mixed Platforms.Build.0 = Release|x86
		{3388E9A9-1D3B-4AD8-8BFC-6D8836955328}.Release|x86.ActiveCfg = Release|x86
		{3388E9A9-1D3B-4AD8-8BFC-6D8836955328}.Release|x86.Build.0 = Release|x86
		{4B9AD65E-5E37-472D-BA40-CC5923C5294F}.Debug|Any CPU.ActiveCfg = Debug|x86
		{4B9AD65E-5E37-472D-BA40-CC5923C5294F}.Debug|Mixed Platforms.ActiveCfg = Debug|x86
		{4B9AD65E-5E37-472D-BA40-CC5923C5294F}.Debug|Mixed Platforms.Build.0 = Debug|x86
		{4B9AD65E-5E37-472D-BA40-CC5923C5294F}.Debug|x86.ActiveCfg = Debug|x86
		{4B9AD65E-5E37-472D-BA40-CC5923C5294F}.Debug|x86.Build.0 = Debug|x86
		{4B9AD65E-5E37-472D-BA40-CC5923C5294F}.Debug+Web|Any CPU.ActiveCfg = Debug+Web|x86
		{4B9AD65E-5E37-472D-BA40-CC5923C5294F}.Debug+Web|Mixed Platforms.ActiveCfg = Debug+Web|x86
		{4B9AD65E-5E37-472D-BA40-CC5923C5294F}.Debug+Web|Mixed Platforms.Build.0 = Debug+Web|x86
		{4B9AD65E-5E37-472D-BA40-CC5923C5294F}.Debug+Web|x86.ActiveCfg = Debug+Web|x86
		{4B9AD65E-5E37-472D-BA40-CC5923C5294F}.Debug+Web|x86.Build.0 = Debug+Web|x86
		{4B9AD65E-5E37-472D-BA40-CC5923C5294F}.Release|Any CPU.ActiveCfg = Release|x86
		{4B9AD65E-5E37-472D-BA40-CC5923C5294F}.Release|Mixed Platforms.ActiveCfg = Release|x86
		{4B9AD65E-5E37-472D-BA40-CC5923C5294F}.Release|Mixed Platforms.Build.0 = Release|x86
		{4B9AD65E-5E37-472D-BA40-CC5923C5294F}.Release|x86.ActiveCfg = Release|x86
		{4B9AD65E-5E37-472D-BA40-CC5923C5294F}.Release|x86.Build.0 = Release|x86
		{B0359B0A-AB22-478A-8CFA-18ECF4D22C52}.Debug|Any CPU.ActiveCfg = Debug|Any CPU
		{B0359B0A-AB22-478A-8CFA-18ECF4D22C52}.Debug|Any CPU.Build.0 = Debug|Any CPU
		{B0359B0A-AB22-478A-8CFA-18ECF4D22C52}.Debug|Mixed Platforms.ActiveCfg = Debug|Any CPU
		{B0359B0A-AB22-478A-8CFA-18ECF4D22C52}.Debug|Mixed Platforms.Build.0 = Debug|Any CPU
		{B0359B0A-AB22-478A-8CFA-18ECF4D22C52}.Debug|x86.ActiveCfg = Debug|Any CPU
		{B0359B0A-AB22-478A-8CFA-18ECF4D22C52}.Debug+Web|Any CPU.ActiveCfg = Debug|Any CPU
		{B0359B0A-AB22-478A-8CFA-18ECF4D22C52}.Debug+Web|Any CPU.Build.0 = Debug|Any CPU
		{B0359B0A-AB22-478A-8CFA-18ECF4D22C52}.Debug+Web|Mixed Platforms.ActiveCfg = Debug|Any CPU
		{B0359B0A-AB22-478A-8CFA-18ECF4D22C52}.Debug+Web|Mixed Platforms.Build.0 = Debug|Any CPU
		{B0359B0A-AB22-478A-8CFA-18ECF4D22C52}.Debug+Web|x86.ActiveCfg = Debug|Any CPU
		{B0359B0A-AB22-478A-8CFA-18ECF4D22C52}.Release|Any CPU.ActiveCfg = Release|Any CPU
		{B0359B0A-AB22-478A-8CFA-18ECF4D22C52}.Release|Any CPU.Build.0 = Release|Any CPU
		{B0359B0A-AB22-478A-8CFA-18ECF4D22C52}.Release|Mixed Platforms.ActiveCfg = Release|Any CPU
		{B0359B0A-AB22-478A-8CFA-18ECF4D22C52}.Release|Mixed Platforms.Build.0 = Release|Any CPU
		{B0359B0A-AB22-478A-8CFA-18ECF4D22C52}.Release|x86.ActiveCfg = Release|Any CPU
		{2BB2D52D-FA52-4AA6-A741-68AE791A8E73}.Debug|Any CPU.ActiveCfg = Debug|x86
		{2BB2D52D-FA52-4AA6-A741-68AE791A8E73}.Debug|Mixed Platforms.ActiveCfg = Debug|x86
		{2BB2D52D-FA52-4AA6-A741-68AE791A8E73}.Debug|Mixed Platforms.Build.0 = Debug|x86
		{2BB2D52D-FA52-4AA6-A741-68AE791A8E73}.Debug|x86.ActiveCfg = Debug|x86
		{2BB2D52D-FA52-4AA6-A741-68AE791A8E73}.Debug|x86.Build.0 = Debug|x86
		{2BB2D52D-FA52-4AA6-A741-68AE791A8E73}.Debug+Web|Any CPU.ActiveCfg = Debug+Web|x86
		{2BB2D52D-FA52-4AA6-A741-68AE791A8E73}.Debug+Web|Mixed Platforms.ActiveCfg = Debug+Web|x86
		{2BB2D52D-FA52-4AA6-A741-68AE791A8E73}.Debug+Web|Mixed Platforms.Build.0 = Debug+Web|x86
		{2BB2D52D-FA52-4AA6-A741-68AE791A8E73}.Debug+Web|x86.ActiveCfg = Debug+Web|x86
		{2BB2D52D-FA52-4AA6-A741-68AE791A8E73}.Debug+Web|x86.Build.0 = Debug+Web|x86
		{2BB2D52D-FA52-4AA6-A741-68AE791A8E73}.Release|Any CPU.ActiveCfg = Release|x86
		{2BB2D52D-FA52-4AA6-A741-68AE791A8E73}.Release|Mixed Platforms.ActiveCfg = Release|x86
		{2BB2D52D-FA52-4AA6-A741-68AE791A8E73}.Release|Mixed Platforms.Build.0 = Release|x86
		{2BB2D52D-FA52-4AA6-A741-68AE791A8E73}.Release|x86.ActiveCfg = Release|x86
		{2BB2D52D-FA52-4AA6-A741-68AE791A8E73}.Release|x86.Build.0 = Release|x86
		{D76CEE15-332A-4F4B-B04C-78E4A5343DA4}.Debug|Any CPU.ActiveCfg = Debug|x86
		{D76CEE15-332A-4F4B-B04C-78E4A5343DA4}.Debug|Mixed Platforms.ActiveCfg = Debug|x86
		{D76CEE15-332A-4F4B-B04C-78E4A5343DA4}.Debug|Mixed Platforms.Build.0 = Debug|x86
		{D76CEE15-332A-4F4B-B04C-78E4A5343DA4}.Debug|x86.ActiveCfg = Debug|x86
		{D76CEE15-332A-4F4B-B04C-78E4A5343DA4}.Debug|x86.Build.0 = Debug|x86
		{D76CEE15-332A-4F4B-B04C-78E4A5343DA4}.Debug+Web|Any CPU.ActiveCfg = Debug+Web|x86
		{D76CEE15-332A-4F4B-B04C-78E4A5343DA4}.Debug+Web|Mixed Platforms.ActiveCfg = Debug+Web|x86
		{D76CEE15-332A-4F4B-B04C-78E4A5343DA4}.Debug+Web|Mixed Platforms.Build.0 = Debug+Web|x86
		{D76CEE15-332A-4F4B-B04C-78E4A5343DA4}.Debug+Web|x86.ActiveCfg = Debug+Web|x86
		{D76CEE15-332A-4F4B-B04C-78E4A5343DA4}.Debug+Web|x86.Build.0 = Debug+Web|x86
		{D76CEE15-332A-4F4B-B04C-78E4A5343DA4}.Release|Any CPU.ActiveCfg = Release|x86
		{D76CEE15-332A-4F4B-B04C-78E4A5343DA4}.Release|Mixed Platforms.ActiveCfg = Release|x86
		{D76CEE15-332A-4F4B-B04C-78E4A5343DA4}.Release|Mixed Platforms.Build.0 = Release|x86
		{D76CEE15-332A-4F4B-B04C-78E4A5343DA4}.Release|x86.ActiveCfg = Release|x86
		{D76CEE15-332A-4F4B-B04C-78E4A5343DA4}.Release|x86.Build.0 = Release|x86
		{5F0DD57D-FDD6-4644-89DD-DCC7E143E009}.Debug|Any CPU.ActiveCfg = Debug|x86
		{5F0DD57D-FDD6-4644-89DD-DCC7E143E009}.Debug|Mixed Platforms.ActiveCfg = Debug|x86
		{5F0DD57D-FDD6-4644-89DD-DCC7E143E009}.Debug|Mixed Platforms.Build.0 = Debug|x86
		{5F0DD57D-FDD6-4644-89DD-DCC7E143E009}.Debug|x86.ActiveCfg = Debug|x86
		{5F0DD57D-FDD6-4644-89DD-DCC7E143E009}.Debug|x86.Build.0 = Debug|x86
		{5F0DD57D-FDD6-4644-89DD-DCC7E143E009}.Debug+Web|Any CPU.ActiveCfg = Debug+Web|x86
		{5F0DD57D-FDD6-4644-89DD-DCC7E143E009}.Debug+Web|Mixed Platforms.ActiveCfg = Debug+Web|x86
		{5F0DD57D-FDD6-4644-89DD-DCC7E143E009}.Debug+Web|Mixed Platforms.Build.0 = Debug+Web|x86
		{5F0DD57D-FDD6-4644-89DD-DCC7E143E009}.Debug+Web|x86.ActiveCfg = Debug+Web|x86
		{5F0DD57D-FDD6-4644-89DD-DCC7E143E009}.Debug+Web|x86.Build.0 = Debug+Web|x86
		{5F0DD57D-FDD6-4644-89DD-DCC7E143E009}.Release|Any CPU.ActiveCfg = Release|x86
		{5F0DD57D-FDD6-4644-89DD-DCC7E143E009}.Release|Mixed Platforms.ActiveCfg = Release|x86
		{5F0DD57D-FDD6-4644-89DD-DCC7E143E009}.Release|Mixed Platforms.Build.0 = Release|x86
		{5F0DD57D-FDD6-4644-89DD-DCC7E143E009}.Release|x86.ActiveCfg = Release|x86
		{5F0DD57D-FDD6-4644-89DD-DCC7E143E009}.Release|x86.Build.0 = Release|x86
		{7E99948A-DFBA-4168-AE46-329D86BFED0D}.Debug|Any CPU.ActiveCfg = Debug|x86
		{7E99948A-DFBA-4168-AE46-329D86BFED0D}.Debug|Mixed Platforms.ActiveCfg = Debug|x86
		{7E99948A-DFBA-4168-AE46-329D86BFED0D}.Debug|Mixed Platforms.Build.0 = Debug|x86
		{7E99948A-DFBA-4168-AE46-329D86BFED0D}.Debug|x86.ActiveCfg = Debug|x86
		{7E99948A-DFBA-4168-AE46-329D86BFED0D}.Debug|x86.Build.0 = Debug|x86
		{7E99948A-DFBA-4168-AE46-329D86BFED0D}.Debug+Web|Any CPU.ActiveCfg = Debug+Web|x86
		{7E99948A-DFBA-4168-AE46-329D86BFED0D}.Debug+Web|Mixed Platforms.ActiveCfg = Debug+Web|x86
		{7E99948A-DFBA-4168-AE46-329D86BFED0D}.Debug+Web|Mixed Platforms.Build.0 = Debug+Web|x86
		{7E99948A-DFBA-4168-AE46-329D86BFED0D}.Debug+Web|x86.ActiveCfg = Debug+Web|x86
		{7E99948A-DFBA-4168-AE46-329D86BFED0D}.Debug+Web|x86.Build.0 = Debug+Web|x86
		{7E99948A-DFBA-4168-AE46-329D86BFED0D}.Release|Any CPU.ActiveCfg = Release|x86
		{7E99948A-DFBA-4168-AE46-329D86BFED0D}.Release|Mixed Platforms.ActiveCfg = Release|x86
		{7E99948A-DFBA-4168-AE46-329D86BFED0D}.Release|Mixed Platforms.Build.0 = Release|x86
		{7E99948A-DFBA-4168-AE46-329D86BFED0D}.Release|x86.ActiveCfg = Release|x86
		{7E99948A-DFBA-4168-AE46-329D86BFED0D}.Release|x86.Build.0 = Release|x86
		{F40F47E6-D38B-4C4C-AD06-97706087297F}.Debug|Any CPU.ActiveCfg = Debug|x86
		{F40F47E6-D38B-4C4C-AD06-97706087297F}.Debug|Mixed Platforms.ActiveCfg = Debug|x86
		{F40F47E6-D38B-4C4C-AD06-97706087297F}.Debug|Mixed Platforms.Build.0 = Debug|x86
		{F40F47E6-D38B-4C4C-AD06-97706087297F}.Debug|x86.ActiveCfg = Debug|x86
		{F40F47E6-D38B-4C4C-AD06-97706087297F}.Debug|x86.Build.0 = Debug|x86
		{F40F47E6-D38B-4C4C-AD06-97706087297F}.Debug+Web|Any CPU.ActiveCfg = Debug+Web|x86
		{F40F47E6-D38B-4C4C-AD06-97706087297F}.Debug+Web|Mixed Platforms.ActiveCfg = Debug+Web|x86
		{F40F47E6-D38B-4C4C-AD06-97706087297F}.Debug+Web|Mixed Platforms.Build.0 = Debug+Web|x86
		{F40F47E6-D38B-4C4C-AD06-97706087297F}.Debug+Web|x86.ActiveCfg = Debug+Web|x86
		{F40F47E6-D38B-4C4C-AD06-97706087297F}.Debug+Web|x86.Build.0 = Debug+Web|x86
		{F40F47E6-D38B-4C4C-AD06-97706087297F}.Release|Any CPU.ActiveCfg = Release|x86
		{F40F47E6-D38B-4C4C-AD06-97706087297F}.Release|Mixed Platforms.ActiveCfg = Release|x86
		{F40F47E6-D38B-4C4C-AD06-97706087297F}.Release|Mixed Platforms.Build.0 = Release|x86
		{F40F47E6-D38B-4C4C-AD06-97706087297F}.Release|x86.ActiveCfg = Release|x86
		{F40F47E6-D38B-4C4C-AD06-97706087297F}.Release|x86.Build.0 = Release|x86
		{6D6655C4-BF4F-40C4-8072-51B87CDD667E}.Debug|Any CPU.ActiveCfg = Debug|x86
		{6D6655C4-BF4F-40C4-8072-51B87CDD667E}.Debug|Mixed Platforms.ActiveCfg = Debug|x86
		{6D6655C4-BF4F-40C4-8072-51B87CDD667E}.Debug|Mixed Platforms.Build.0 = Debug|x86
		{6D6655C4-BF4F-40C4-8072-51B87CDD667E}.Debug|x86.ActiveCfg = Debug|x86
		{6D6655C4-BF4F-40C4-8072-51B87CDD667E}.Debug|x86.Build.0 = Debug|x86
		{6D6655C4-BF4F-40C4-8072-51B87CDD667E}.Debug+Web|Any CPU.ActiveCfg = Debug+Web|x86
		{6D6655C4-BF4F-40C4-8072-51B87CDD667E}.Debug+Web|Mixed Platforms.ActiveCfg = Debug+Web|x86
		{6D6655C4-BF4F-40C4-8072-51B87CDD667E}.Debug+Web|Mixed Platforms.Build.0 = Debug+Web|x86
		{6D6655C4-BF4F-40C4-8072-51B87CDD667E}.Debug+Web|x86.ActiveCfg = Debug+Web|x86
		{6D6655C4-BF4F-40C4-8072-51B87CDD667E}.Debug+Web|x86.Build.0 = Debug+Web|x86
		{6D6655C4-BF4F-40C4-8072-51B87CDD667E}.Release|Any CPU.ActiveCfg = Release|x86
		{6D6655C4-BF4F-40C4-8072-51B87CDD667E}.Release|Mixed Platforms.ActiveCfg = Release|x86
		{6D6655C4-BF4F-40C4-8072-51B87CDD667E}.Release|Mixed Platforms.Build.0 = Release|x86
		{6D6655C4-BF4F-40C4-8072-51B87CDD667E}.Release|x86.ActiveCfg = Release|x86
		{6D6655C4-BF4F-40C4-8072-51B87CDD667E}.Release|x86.Build.0 = Release|x86
	EndGlobalSection
	GlobalSection(SolutionProperties) = preSolution
		HideSolutionNode = FALSE
	EndGlobalSection
EndGlobal
